lockfileVersion: 5.4

specifiers:
  '@bufbuild/buf': ^1.14.0
  '@bufbuild/protobuf': ^1.0.0
  '@bufbuild/protoc-gen-es': ^1.0.0

dependencies:
  '@bufbuild/protobuf': 1.0.0

devDependencies:
  '@bufbuild/buf': 1.14.0
  '@bufbuild/protoc-gen-es': 1.0.0_@bufbuild+protobuf@1.0.0

packages:

  /@bufbuild/buf-darwin-arm64/1.14.0:
    resolution: {integrity: sha512-V6WonyHSLtrCd+xl5XAqzpDXUMLhJF3seVD6ap4yJW6nigHw49+Oz38oE0DgwOlkIOoNgS8TWsRZFUyBXfV9vQ==}
    engines: {node: '>=12'}
    cpu: [arm64]
    os: [darwin]
    requiresBuild: true
    dev: true
    optional: true

  /@bufbuild/buf-darwin-x64/1.14.0:
    resolution: {integrity: sha512-ZhPc0mN7K8E8IJGWzdCxb5CHqwmv3HSB25IgEjqTkwCDIUV7cPIUfb/56G6ir0shWCcVRoGPv2KbSG5rL0AYIw==}
    engines: {node: '>=12'}
    cpu: [x64]
    os: [darwin]
    requiresBuild: true
    dev: true
    optional: true

  /@bufbuild/buf-linux-aarch64/1.14.0:
    resolution: {integrity: sha512-M7La4zzSXGgIwhKclZFgh5OXvKkx5/1fsGKTJWfDL25xPMYrvZI7y1i44iOK5H8ciKe24fatITZHE0ZQVRohoQ==}
    engines: {node: '>=12'}
    cpu: [arm64]
    os: [linux]
    requiresBuild: true
    dev: true
    optional: true

  /@bufbuild/buf-linux-x64/1.14.0:
    resolution: {integrity: sha512-/fqaKAUpFNbP6A2ROU/r35R2Fxig55MtseYtHNSLcQI6k9ubhdVsI3cM0MlOZ1VawclDYFiTpCd1urUL7spvsw==}
    engines: {node: '>=12'}
    cpu: [x64]
    os: [linux]
    requiresBuild: true
    dev: true
    optional: true

  /@bufbuild/buf-win32-arm64/1.14.0:
    resolution: {integrity: sha512-t7cd8MfqJ2ew6uXUYVbgq97OzN/ybnJ5Q5yKbEGexkyOBHQZsEhv0FkJWkAn1DN93j5iqHO6xlDkHpGMjAW1sg==}
    engines: {node: '>=12'}
    cpu: [arm64]
    os: [win32]
    requiresBuild: true
    dev: true
    optional: true

  /@bufbuild/buf-win32-x64/1.14.0:
    resolution: {integrity: sha512-KD0T1rkX7yfykKZodnAj2WxhIZfkA/sox6VAY20F6X6ckLP96/3TSVWvDPfDN2DNkTcmokygNtA2/ir0KejDfQ==}
    engines: {node: '>=12'}
    cpu: [x64]
    os: [win32]
    requiresBuild: true
    dev: true
    optional: true

  /@bufbuild/buf/1.14.0:
    resolution: {integrity: sha512-hW6wua/V+goxF99TSoQ/ps/gLdLkyuMjUs6zm15rpNvYOqB5UNg3t4N29SOWqfGhwVU5eeAC2XubT24eVOCcRQ==}
    engines: {node: '>=12'}
    hasBin: true
    requiresBuild: true
    optionalDependencies:
      '@bufbuild/buf-darwin-arm64': 1.14.0
      '@bufbuild/buf-darwin-x64': 1.14.0
      '@bufbuild/buf-linux-aarch64': 1.14.0
      '@bufbuild/buf-linux-x64': 1.14.0
      '@bufbuild/buf-win32-arm64': 1.14.0
      '@bufbuild/buf-win32-x64': 1.14.0
    dev: true

  /@bufbuild/protobuf/1.0.0:
    resolution: {integrity: sha512-oH3jHBrZ6to8Qf4zLg7O8KqSY42kQZNBRXJRMp5uSi0mqE4L8NbyMnZHeOsbXmTb0xpptRyH11LfS+KeVhXzAA==}

  /@bufbuild/protoc-gen-es/1.0.0_@bufbuild+protobuf@1.0.0:
    resolution: {integrity: sha512-3NZzjw2hbeO7JFUZ70W4UOkaMyOC6hJfJP4uDczyWWTXoCr2TPDfPyLE2U8DBpKufneLS1YBhFJPPv4QvJkiPA==}
    engines: {node: '>=14'}
    hasBin: true
    peerDependencies:
      '@bufbuild/protobuf': 1.0.0
    peerDependenciesMeta:
      '@bufbuild/protobuf':
        optional: true
    dependencies:
      '@bufbuild/protobuf': 1.0.0
      '@bufbuild/protoplugin': 1.0.0
    transitivePeerDependencies:
      - supports-color
    dev: true

  /@bufbuild/protoplugin/1.0.0:
    resolution: {integrity: sha512-L7z2/4MgP36QGEAh8T4OYrdMRv//LAw4gGpL8D3cziE21uP6FLzLKpIxJ4aJBoUyHyS53tpZMpb0djbxYDecFA==}
    dependencies:
      '@bufbuild/protobuf': 1.0.0
      '@typescript/vfs': 1.4.0
      typescript: 4.5.2
    transitivePeerDependencies:
      - supports-color
    dev: true

  /@typescript/vfs/1.4.0:
    resolution: {integrity: sha512-Pood7yv5YWMIX+yCHo176OnF8WUlKGImFG7XlsuH14Zb1YN5+dYD3uUtS7lqZtsH7tAveNUi2NzdpQCN0yRbaw==}
    dependencies:
      debug: 4.3.4
    transitivePeerDependencies:
      - supports-color
    dev: true

  /debug/4.3.4:
    resolution: {integrity: sha512-PRWFHuSU3eDtQJPvnNY7Jcket1j0t5OuOsFzPPzsekD52Zl8qUfFIPEiswXqIvHWGVHOgX+7G/vCNNhehwxfkQ==}
    engines: {node: '>=6.0'}
    peerDependencies:
      supports-color: '*'
    peerDependenciesMeta:
      supports-color:
        optional: true
    dependencies:
      ms: 2.1.2
    dev: true

  /ms/2.1.2:
    resolution: {integrity: sha512-sGkPx+VjMtmA6MX27oA4FBFELFCZZ4S4XqeGOXCv68tT+jb3vk/RyaKWP0PTKyWtmLSM0b+adUTEvbs1PEaH2w==}
    dev: true

  /typescript/4.5.2:
    resolution: {integrity: sha512-5BlMof9H1yGt0P8/WF+wPNw6GfctgGjXp5hkblpyT+8rkASSmkUKMXrxR0Xg8ThVCi/JnHQiKXeBaEwCeQwMFw==}
    engines: {node: '>=4.2.0'}
    hasBin: true
    dev: true
